
Microsoft Visual Studio Solution File, Format Version 12.00
Project("{FAE04EC0-301F-11D3-BF4B-00C04F79EFBC}") = "YourWatch.Admin.Mobile", "YourWatch.Admin.Mobile.csproj", "{BD6D36DB-37C2-4AAD-A6CD-317B95F477A0}"
EndProject
Project("{FAE04EC0-301F-11D3-BF4B-00C04F79EFBC}") = "YourWatch.Admin.API", "..\YourWatch.Admin.API\YourWatch.Admin.API.csproj", "{D57E845A-32C2-49F7-AA8B-42072D4F6E1A}"
EndProject
Project("{FAE04EC0-301F-11D3-BF4B-00C04F79EFBC}") = "YourWatch.Admin.Mobile.Tests", "..\YourWatch.Admin.Mobile.Tests\YourWatch.Admin.Mobile.Tests.csproj", "{8C90F6AB-0388-4387-85C8-8BD6B0828E84}"
EndProject
Global
	GlobalSection(SolutionConfigurationPlatforms) = preSolution
		Debug|Any CPU = Debug|Any CPU
		Release|Any CPU = Release|Any CPU
	EndGlobalSection
	GlobalSection(ProjectConfigurationPlatforms) = postSolution
		{BD6D36DB-37C2-4AAD-A6CD-317B95F477A0}.Debug|Any CPU.ActiveCfg = Debug|Any CPU
		{BD6D36DB-37C2-4AAD-A6CD-317B95F477A0}.Debug|Any CPU.Build.0 = Debug|Any CPU
		{BD6D36DB-37C2-4AAD-A6CD-317B95F477A0}.Release|Any CPU.ActiveCfg = Release|Any CPU
		{BD6D36DB-37C2-4AAD-A6CD-317B95F477A0}.Release|Any CPU.Build.0 = Release|Any CPU
		{D57E845A-32C2-49F7-AA8B-42072D4F6E1A}.Debug|Any CPU.ActiveCfg = Debug|Any CPU
		{D57E845A-32C2-49F7-AA8B-42072D4F6E1A}.Debug|Any CPU.Build.0 = Debug|Any CPU
		{D57E845A-32C2-49F7-AA8B-42072D4F6E1A}.Release|Any CPU.ActiveCfg = Release|Any CPU
		{D57E845A-32C2-49F7-AA8B-42072D4F6E1A}.Release|Any CPU.Build.0 = Release|Any CPU
		{8C90F6AB-0388-4387-85C8-8BD6B0828E84}.Debug|Any CPU.ActiveCfg = Debug|Any CPU
		{8C90F6AB-0388-4387-85C8-8BD6B0828E84}.Debug|Any CPU.Build.0 = Debug|Any CPU
		{8C90F6AB-0388-4387-85C8-8BD6B0828E84}.Release|Any CPU.ActiveCfg = Release|Any CPU
		{8C90F6AB-0388-4387-85C8-8BD6B0828E84}.Release|Any CPU.Build.0 = Release|Any CPU
	EndGlobalSection
EndGlobal
